// !$*UTF8*$!
{
	archiveVersion = 1;
	classes = {
	};
	objectVersion = 48;
	objects = {

/* Begin PBXBuildFile section */
		DE8167461FD637D40081517C /* AppDelegate.m in Sources */ = {isa = PBXBuildFile; fileRef = DE8167451FD637D40081517C /* AppDelegate.m */; };
		DE8167491FD637D40081517C /* ViewController.m in Sources */ = {isa = PBXBuildFile; fileRef = DE8167481FD637D40081517C /* ViewController.m */; };
		DE81674C1FD637D40081517C /* Main.storyboard in Resources */ = {isa = PBXBuildFile; fileRef = DE81674A1FD637D40081517C /* Main.storyboard */; };
		DE81674E1FD637D40081517C /* Assets.xcassets in Resources */ = {isa = PBXBuildFile; fileRef = DE81674D1FD637D40081517C /* Assets.xcassets */; };
		DE8167511FD637D40081517C /* LaunchScreen.storyboard in Resources */ = {isa = PBXBuildFile; fileRef = DE81674F1FD637D40081517C /* LaunchScreen.storyboard */; };
		DE8167541FD637D40081517C /* main.m in Sources */ = {isa = PBXBuildFile; fileRef = DE8167531FD637D40081517C /* main.m */; };
		DE81675C1FD6381B0081517C /* LAContextManager.m in Sources */ = {isa = PBXBuildFile; fileRef = DE81675B1FD6381B0081517C /* LAContextManager.m */; };
/* End PBXBuildFile section */

/* Begin PBXFileReference section */
		DE8167411FD637D40081517C /* TouchID和FaceID调用.app */ = {isa = PBXFileReference; explicitFileType = wrapper.application; includeInIndex = 0; path = "TouchID和FaceID调用.app"; sourceTree = BUILT_PRODUCTS_DIR; };
		DE8167441FD637D40081517C /* AppDelegate.h */ = {isa = PBXFileReference; lastKnownFileType = sourcecode.c.h; path = AppDelegate.h; sourceTree = "<group>"; };
		DE8167451FD637D40081517C /* AppDelegate.m */ = {isa = PBXFileReference; lastKnownFileType = sourcecode.c.objc; path = AppDelegate.m; sourceTree = "<group>"; };
		DE8167471FD637D40081517C /* ViewController.h */ = {isa = PBXFileReference; lastKnownFileType = sourcecode.c.h; path = ViewController.h; sourceTree = "<group>"; };
		DE8167481FD637D40081517C /* ViewController.m */ = {isa = PBXFileReference; lastKnownFileType = sourcecode.c.objc; path = ViewController.m; sourceTree = "<group>"; };
		DE81674B1FD637D40081517C /* Base */ = {isa = PBXFileReference; lastKnownFileType = file.storyboard; name = Base; path = Base.lproj/Main.storyboard; sourceTree = "<group>"; };
		DE81674D1FD637D40081517C /* Assets.xcassets */ = {isa = PBXFileReference; lastKnownFileType = folder.assetcatalog; path = Assets.xcassets; sourceTree = "<group>"; };
		DE8167501FD637D40081517C /* Base */ = {isa = PBXFileReference; lastKnownFileType = file.storyboard; name = Base; path = Base.lproj/LaunchScreen.storyboard; sourceTree = "<group>"; };
		DE8167521FD637D40081517C /* Info.plist */ = {isa = PBXFileReference; lastKnownFileType = text.plist.xml; path = Info.plist; sourceTree = "<group>"; };
		DE8167531FD637D40081517C /* main.m */ = {isa = PBXFileReference; lastKnownFileType = sourcecode.c.objc; path = main.m; sourceTree = "<group>"; };
		DE81675A1FD6381B0081517C /* LAContextManager.h */ = {isa = PBXFileReference; lastKnownFileType = sourcecode.c.h; path = LAContextManager.h; sourceTree = "<group>"; };
		DE81675B1FD6381B0081517C /* LAContextManager.m */ = {isa = PBXFileReference; lastKnownFileType = sourcecode.c.objc; path = LAContextManager.m; sourceTree = "<group>"; };
/* End PBXFileReference section */

/* Begin PBXFrameworksBuildPhase section */
		DE81673E1FD637D40081517C /* Frameworks */ = {
			isa = PBXFrameworksBuildPhase;
			buildActionMask = 2147483647;
			files = (
			);
			runOnlyForDeploymentPostprocessing = 0;
		};
/* End PBXFrameworksBuildPhase section */

/* Begin PBXGroup section */
		DE8167381FD637D40081517C = {
			isa = PBXGroup;
			children = (
				DE8167431FD637D40081517C /* TouchID和FaceID调用 */,
				DE8167421FD637D40081517C /* Products */,
			);
			sourceTree = "<group>";
		};
		DE8167421FD637D40081517C /* Products */ = {
			isa = PBXGroup;
			children = (
				DE8167411FD637D40081517C /* TouchID和FaceID调用.app */,
			);
			name = Products;
			sourceTree = "<group>";
		};
		DE8167431FD637D40081517C /* TouchID和FaceID调用 */ = {
			isa = PBXGroup;
			children = (
				DE8167441FD637D40081517C /* AppDelegate.h */,
				DE8167451FD637D40081517C /* AppDelegate.m */,
				DE8167471FD637D40081517C /* ViewController.h */,
				DE8167481FD637D40081517C /* ViewController.m */,
				DE81675A1FD6381B0081517C /* LAContextManager.h */,
				DE81675B1FD6381B0081517C /* LAContextManager.m */,
				DE81674A1FD637D40081517C /* Main.storyboard */,
				DE81674D1FD637D40081517C /* Assets.xcassets */,
				DE81674F1FD637D40081517C /* LaunchScreen.storyboard */,
				DE8167521FD637D40081517C /* Info.plist */,
				DE8167531FD637D40081517C /* main.m */,
			);
			path = "TouchID和FaceID调用";
			sourceTree = "<group>";
		};
/* End PBXGroup section */

/* Begin PBXNativeTarget section */
		DE8167401FD637D40081517C /* TouchID和FaceID调用 */ = {
			isa = PBXNativeTarget;
			buildConfigurationList = DE8167571FD637D40081517C /* Build configuration list for PBXNativeTarget "TouchID和FaceID调用" */;
			buildPhases = (
				DE81673D1FD637D40081517C /* Sources */,
				DE81673E1FD637D40081517C /* Frameworks */,
				DE81673F1FD637D40081517C /* Resources */,
			);
			buildRules = (
			);
			dependencies = (
			);
			name = "TouchID和FaceID调用";
			productName = "TouchID和FaceID调用";
			productReference = DE8167411FD637D40081517C /* TouchID和FaceID调用.app */;
			productType = "com.apple.product-type.application";
		};
/* End PBXNativeTarget section */

/* Begin PBXProject section */
		DE8167391FD637D40081517C /* Project object */ = {
			isa = PBXProject;
			attributes = {
				LastUpgradeCheck = 0910;
				ORGANIZATIONNAME = TangyuanLiu;
				TargetAttributes = {
					DE8167401FD637D40081517C = {
						CreatedOnToolsVersion = 9.1;
						ProvisioningStyle = Automatic;
					};
				};
			};
			buildConfigurationList = DE81673C1FD637D40081517C /* Build configuration list for PBXProject "TouchID和FaceID调用" */;
			compatibilityVersion = "Xcode 8.0";
			developmentRegion = en;
			hasScannedForEncodings = 0;
			knownRegions = (
				en,
				Base,
			);
			mainGroup = DE8167381FD637D40081517C;
			productRefGroup = DE8167421FD637D40081517C /* Products */;
			projectDirPath = "";
			projectRoot = "";
			targets = (
				DE8167401FD637D40081517C /* TouchID和FaceID调用 */,
			);
		};
/* End PBXProject section */

/* Begin PBXResourcesBuildPhase section */
		DE81673F1FD637D40081517C /* Resources */ = {
			isa = PBXResourcesBuildPhase;
			buildActionMask = 2147483647;
			files = (
				DE8167511FD637D40081517C /* LaunchScreen.storyboard in Resources */,
				DE81674E1FD637D40081517C /* Assets.xcassets in Resources */,
				DE81674C1FD637D40081517C /* Main.storyboard in Resources */,
			);
			runOnlyForDeploymentPostprocessing = 0;
		};
/* End PBXResourcesBuildPhase section */

/* Begin PBXSourcesBuildPhase section */
		DE81673D1FD637D40081517C /* Sources */ = {
			isa = PBXSourcesBuildPhase;
			buildActionMask = 2147483647;
			files = (
				DE8167491FD637D40081517C /* ViewController.m in Sources */,
				DE8167541FD637D40081517C /* main.m in Sources */,
				DE81675C1FD6381B0081517C /* LAContextManager.m in Sources */,
				DE8167461FD637D40081517C /* AppDelegate.m in Sources */,
			);
			runOnlyForDeploymentPostprocessing = 0;
		};
/* End PBXSourcesBuildPhase section */

/* Begin PBXVariantGroup section */
		DE81674A1FD637D40081517C /* Main.storyboard */ = {
			isa = PBXVariantGroup;
			children = (
				DE81674B1FD637D40081517C /* Base */,
			);
			name = Main.storyboard;
			sourceTree = "<group>";
		};
		DE81674F1FD637D40081517C /* LaunchScreen.storyboard */ = {
			isa = PBXVariantGroup;
			children = (
				DE8167501FD637D40081517C /* Base */,
			);
			name = LaunchScreen.storyboard;
			sourceTree = "<group>";
		};
/* End PBXVariantGroup section */

/* Begin XCBuildConfiguration section */
		DE8167551FD637D40081517C /* Debug */ = {
			isa = XCBuildConfiguration;
			buildSettings = {
				ALWAYS_SEARCH_USER_PATHS = NO;
				CLANG_ANALYZER_NONNULL = YES;
				CLANG_ANALYZER_NUMBER_OBJECT_CONVERSION = YES_AGGRESSIVE;
				CLANG_CXX_LANGUAGE_STANDARD = "gnu++14";
				CLANG_CXX_LIBRARY = "libc++";
				CLANG_ENABLE_MODULES = YES;
				CLANG_ENABLE_OBJC_ARC = YES;
				CLANG_WARN_BLOCK_CAPTURE_AUTORELEASING = YES;
				CLANG_WARN_BOOL_CONVERSION = YES;
				CLANG_WARN_COMMA = YES;
				CLANG_WARN_CONSTANT_CONVERSION = YES;
				CLANG_WARN_DIRECT_OBJC_ISA_USAGE = YES_ERROR;
				CLANG_WARN_DOCUMENTATION_COMMENTS = YES;
				CLANG_WARN_EMPTY_BODY = YES;
				CLANG_WARN_ENUM_CONVERSION = YES;
				CLANG_WARN_INFINITE_RECURSION = YES;
				CLANG_WARN_INT_CONVERSION = YES;
				CLANG_WARN_NON_LITERAL_NULL_CONVERSION = YES;
				CLANG_WARN_OBJC_LITERAL_CONVERSION = YES;
				CLANG_WARN_OBJC_ROOT_CLASS = YES_ERROR;
				CLANG_WARN_RANGE_LOOP_ANALYSIS = YES;
				CLANG_WARN_STRICT_PROTOTYPES = YES;
				CLANG_WARN_SUSPICIOUS_MOVE = YES;
				CLANG_WARN_UNGUARDED_AVAILABILITY = YES_AGGRESSIVE;
				CLANG_WARN_UNREACHABLE_CODE = YES;
				CLANG_WARN__DUPLICATE_METHOD_MATCH = YES;
				CODE_SIGN_IDENTITY = "iPhone Developer";
				COPY_PHASE_STRIP = NO;
				DEBUG_INFORMATION_FORMAT = dwarf;
				ENABLE_STRICT_OBJC_MSGSEND = YES;
				ENABLE_TESTABILITY = YES;
				GCC_C_LANGUAGE_STANDARD = gnu11;
				GCC_DYNAMIC_NO_PIC = NO;
				GCC_NO_COMMON_BLOCKS = YES;
				GCC_OPTIMIZATION_LEVEL = 0;
				GCC_PREPROCESSOR_DEFINITIONS = (
					"DEBUG=1",
					"$(inherited)",
				);
				GCC_WARN_64_TO_32_BIT_CONVERSION = YES;
				GCC_WARN_ABOUT_RETURN_TYPE = YES_ERROR;
				GCC_WARN_UNDECLARED_SELECTOR = YES;
				GCC_WARN_UNINITIALIZED_AUTOS = YES_AGGRESSIVE;
				GCC_WARN_UNUSED_FUNCTION = YES;
				GCC_WARN_UNUSED_VARIABLE = YES;
				IPHONEOS_DEPLOYMENT_TARGET = 11.1;
				MTL_ENABLE_DEBUG_INFO = YES;
				ONLY_ACTIVE_ARCH = YES;
				SDKROOT = iphoneos;
			};
			name = Debug;
		};
		DE8167561FD637D40081517C /* Release */ = {
			isa = XCBuildConfiguration;
			buildSettings = {
				ALWAYS_SEARCH_USER_PATHS = NO;
				CLANG_ANALYZER_NONNULL = YES;
				CLANG_ANALYZER_NUMBER_OBJECT_CONVERSION = YES_AGGRESSIVE;
				CLANG_CXX_LANGUAGE_STANDARD = "gnu++14";
				CLANG_CXX_LIBRARY = "libc++";
				CLANG_ENABLE_MODULES = YES;
				CLANG_ENABLE_OBJC_ARC = YES;
				CLANG_WARN_BLOCK_CAPTURE_AUTORELEASING = YES;
				CLANG_WARN_BOOL_CONVERSION = YES;
				CLANG_WARN_COMMA = YES;
				CLANG_WARN_CONSTANT_CONVERSION = YES;
				CLANG_WARN_DIRECT_OBJC_ISA_USAGE = YES_ERROR;
				CLANG_WARN_DOCUMENTATION_COMMENTS = YES;
				CLANG_WARN_EMPTY_BODY = YES;
				CLANG_WARN_ENUM_CONVERSION = YES;
				CLANG_WARN_INFINITE_RECURSION = YES;
				CLANG_WARN_INT_CONVERSION = YES;
				CLANG_WARN_NON_LITERAL_NULL_CONVERSION = YES;
				CLANG_WARN_OBJC_LITERAL_CONVERSION = YES;
				CLANG_WARN_OBJC_ROOT_CLASS = YES_ERROR;
				CLANG_WARN_RANGE_LOOP_ANALYSIS = YES;
				CLANG_WARN_STRICT_PROTOTYPES = YES;
				CLANG_WARN_SUSPICIOUS_MOVE = YES;
				CLANG_WARN_UNGUARDED_AVAILABILITY = YES_AGGRESSIVE;
				CLANG_WARN_UNREACHABLE_CODE = YES;
				CLANG_WARN__DUPLICATE_METHOD_MATCH = YES;
				CODE_SIGN_IDENTITY = "iPhone Developer";
				COPY_PHASE_STRIP = NO;
				DEBUG_INFORMATION_FORMAT = "dwarf-with-dsym";
				ENABLE_NS_ASSERTIONS = NO;
				ENABLE_STRICT_OBJC_MSGSEND = YES;
				GCC_C_LANGUAGE_STANDARD = gnu11;
				GCC_NO_COMMON_BLOCKS = YES;
				GCC_WARN_64_TO_32_BIT_CONVERSION = YES;
				GCC_WARN_ABOUT_RETURN_TYPE = YES_ERROR;
				GCC_WARN_UNDECLARED_SELECTOR = YES;
				GCC_WARN_UNINITIALIZED_AUTOS = YES_AGGRESSIVE;
				GCC_WARN_UNUSED_FUNCTION = YES;
				GCC_WARN_UNUSED_VARIABLE = YES;
				IPHONEOS_DEPLOYMENT_TARGET = 11.1;
				MTL_ENABLE_DEBUG_INFO = NO;
				SDKROOT = iphoneos;
				VALIDATE_PRODUCT = YES;
			};
			name = Release;
		};
		DE8167581FD637D40081517C /* Debug */ = {
			isa = XCBuildConfiguration;
			buildSettings = {
				ASSETCATALOG_COMPILER_APPICON_NAME = AppIcon;
				CODE_SIGN_STYLE = Automatic;
				DEVELOPMENT_TEAM = XYHL9Z3J67;
				INFOPLIST_FILE = "TouchID和FaceID调用/Info.plist";
				IPHONEOS_DEPLOYMENT_TARGET = 10.0;
				LD_RUNPATH_SEARCH_PATHS = "$(inherited) @executable_path/Frameworks";
				PRODUCT_BUNDLE_IDENTIFIER = "tangyuan.TouchID-FaceID--";
				PRODUCT_NAME = "$(TARGET_NAME)";
				TARGETED_DEVICE_FAMILY = "1,2";
			};
			name = Debug;
		};
		DE8167591FD637D40081517C /* Release */ = {
			isa = XCBuildConfiguration;
			buildSettings = {
				ASSETCATALOG_COMPILER_APPICON_NAME = AppIcon;
				CODE_SIGN_STYLE = Automatic;
				DEVELOPMENT_TEAM = XYHL9Z3J67;
				INFOPLIST_FILE = "TouchID和FaceID调用/Info.plist";
				IPHONEOS_DEPLOYMENT_TARGET = 10.0;
				LD_RUNPATH_SEARCH_PATHS = "$(inherited) @executable_path/Frameworks";
				PRODUCT_BUNDLE_IDENTIFIER = "tangyuan.TouchID-FaceID--";
				PRODUCT_NAME = "$(TARGET_NAME)";
				TARGETED_DEVICE_FAMILY = "1,2";
			};
			name = Release;
		};
/* End XCBuildConfiguration section */

/* Begin XCConfigurationList section */
		DE81673C1FD637D40081517C /* Build configuration list for PBXProject "TouchID和FaceID调用" */ = {
			isa = XCConfigurationList;
			buildConfigurations = (
				DE8167551FD637D40081517C /* Debug */,
				DE8167561FD637D40081517C /* Release */,
			);
			defaultConfigurationIsVisible = 0;
			defaultConfigurationName = Release;
		};
		DE8167571FD637D40081517C /* Build configuration list for PBXNativeTarget "TouchID和FaceID调用" */ = {
			isa = XCConfigurationList;
			buildConfigurations = (
				DE8167581FD637D40081517C /* Debug */,
				DE8167591FD637D40081517C /* Release */,
			);
			defaultConfigurationIsVisible = 0;
			defaultConfigurationName = Release;
		};
/* End XCConfigurationList section */
	};
	rootObject = DE8167391FD637D40081517C /* Project object */;
}
